
Microsoft Visual Studio Solution File, Format Version 12.00
# Visual Studio Version 17
VisualStudioVersion = 17.2.32630.192
MinimumVisualStudioVersion = 10.0.40219.1
Project("{9A19103F-16F7-4668-BE54-9A1E7A4F7556}") = "R5T.S0097", "R5T.S0097\R5T.S0097.csproj", "{A42C686D-0942-4FEF-BB4B-07034151CA3C}"
EndProject
Project("{2150E333-8FDC-42A3-9474-1A3956D46DE8}") = "_Dependencies", "_Dependencies", "{E7D678DD-2A84-4DC7-B76C-C2D4B321A369}"
EndProject
Project("{9A19103F-16F7-4668-BE54-9A1E7A4F7556}") = "R5T.F0000", "..\..\R5T.F0000\source\R5T.F0000\R5T.F0000.csproj", "{69EB1047-1C69-4181-9569-651363FF18B1}"
EndProject
Project("{9A19103F-16F7-4668-BE54-9A1E7A4F7556}") = "R5T.F0002", "..\..\R5T.F0002\source\R5T.F0002\R5T.F0002.csproj", "{9D95F4CF-4285-47BF-A306-10F5B076ABAB}"
EndProject
Project("{9A19103F-16F7-4668-BE54-9A1E7A4F7556}") = "R5T.F0120", "..\..\R5T.F0120\source\R5T.F0120\R5T.F0120.csproj", "{3748AEF9-E040-48C8-8A41-E882F3EAA9A7}"
EndProject
Project("{9A19103F-16F7-4668-BE54-9A1E7A4F7556}") = "R5T.F0124", "..\..\R5T.F0124\source\R5T.F0124\R5T.F0124.csproj", "{211D47E9-741E-4BB4-AD67-2A69F67612D3}"
EndProject
Project("{9A19103F-16F7-4668-BE54-9A1E7A4F7556}") = "R5T.F0125", "..\..\R5T.F0125\source\R5T.F0125\R5T.F0125.csproj", "{BDC3BFE0-E93F-4761-B1A5-08C8B91D4F7A}"
EndProject
Project("{9A19103F-16F7-4668-BE54-9A1E7A4F7556}") = "R5T.F0143.F001", "..\..\R5T.F0143\source\R5T.F0143.F001\R5T.F0143.F001.csproj", "{54C5B3B7-C890-45D4-A6B8-D16ACBF18031}"
EndProject
Project("{9A19103F-16F7-4668-BE54-9A1E7A4F7556}") = "R5T.L0030.T000", "..\..\R5T.L0030\source\R5T.L0030.T000\R5T.L0030.T000.csproj", "{61E1975D-67EC-44F3-940F-B9237DC9F66F}"
EndProject
Project("{9A19103F-16F7-4668-BE54-9A1E7A4F7556}") = "R5T.L0030", "..\..\R5T.L0030\source\R5T.L0030\R5T.L0030.csproj", "{CDADEB1B-3196-45A4-AA3E-4ABDBC353E03}"
EndProject
Project("{9A19103F-16F7-4668-BE54-9A1E7A4F7556}") = "R5T.L0034", "..\..\R5T.L0034\source\R5T.L0034\R5T.L0034.csproj", "{6BD28A1B-6509-4FA4-8780-C6FAB0E236D9}"
EndProject
Project("{9A19103F-16F7-4668-BE54-9A1E7A4F7556}") = "R5T.L0035", "..\..\R5T.L0035\source\R5T.L0035\R5T.L0035.csproj", "{44E64E73-182D-4D61-A069-4F7B83132942}"
EndProject
Project("{9A19103F-16F7-4668-BE54-9A1E7A4F7556}") = "R5T.NG0022", "..\..\R5T.NG0022\source\R5T.NG0022\R5T.NG0022.csproj", "{4E527A32-88D6-48B3-B732-896E11C1C023}"
EndProject
Project("{9A19103F-16F7-4668-BE54-9A1E7A4F7556}") = "R5T.T0131", "..\..\R5T.T0131\source\R5T.T0131\R5T.T0131.csproj", "{BF27CDFA-D695-4A37-BBD6-901EF52DAC2F}"
EndProject
Project("{9A19103F-16F7-4668-BE54-9A1E7A4F7556}") = "R5T.T0132", "..\..\R5T.T0132\source\R5T.T0132\R5T.T0132.csproj", "{F22BDD43-37A1-4776-8591-D0863900AC0A}"
EndProject
Project("{9A19103F-16F7-4668-BE54-9A1E7A4F7556}") = "R5T.T0142", "..\..\R5T.T0142\source\R5T.T0142\R5T.T0142.csproj", "{84AADE75-3FA9-487D-8C12-DC1D5555955B}"
EndProject
Project("{9A19103F-16F7-4668-BE54-9A1E7A4F7556}") = "R5T.T0143", "..\..\R5T.T0143\source\R5T.T0143\R5T.T0143.csproj", "{CB42F10C-0660-420A-8731-7BD8C5D95F18}"
EndProject
Project("{9A19103F-16F7-4668-BE54-9A1E7A4F7556}") = "R5T.T0156", "..\..\R5T.T0156\source\R5T.T0156\R5T.T0156.csproj", "{5AA28112-EF59-4304-A3B9-EF9AE5653E44}"
EndProject
Project("{9A19103F-16F7-4668-BE54-9A1E7A4F7556}") = "R5T.T0174", "..\..\R5T.T0174\source\R5T.T0174\R5T.T0174.csproj", "{03FCAD81-08A3-4D34-88B3-1F162CDAECDF}"
EndProject
Project("{9A19103F-16F7-4668-BE54-9A1E7A4F7556}") = "R5T.T0176", "..\..\R5T.T0176\source\R5T.T0176\R5T.T0176.csproj", "{8D5D4E4E-1777-4E98-A87F-5F2E2D1D42E6}"
EndProject
Project("{9A19103F-16F7-4668-BE54-9A1E7A4F7556}") = "R5T.T0177", "..\..\R5T.T0177\source\R5T.T0177\R5T.T0177.csproj", "{0C691473-8383-4D0A-AFBC-95B784D33320}"
EndProject
Project("{9A19103F-16F7-4668-BE54-9A1E7A4F7556}") = "R5T.T0178", "..\..\R5T.T0178\source\R5T.T0178\R5T.T0178.csproj", "{6A657DBC-D560-45E2-B7CB-98C0F2F7811C}"
EndProject
Project("{9A19103F-16F7-4668-BE54-9A1E7A4F7556}") = "R5T.T0179", "..\..\R5T.T0179\source\R5T.T0179\R5T.T0179.csproj", "{0BB2E1C1-EC90-4AD0-A937-4A17E3729EBF}"
EndProject
Project("{9A19103F-16F7-4668-BE54-9A1E7A4F7556}") = "R5T.T0180", "..\..\R5T.T0180\source\R5T.T0180\R5T.T0180.csproj", "{9308F86A-E080-4A87-9D49-B11BFDC2D0D7}"
EndProject
Project("{9A19103F-16F7-4668-BE54-9A1E7A4F7556}") = "R5T.T0181", "..\..\R5T.T0181\source\R5T.T0181\R5T.T0181.csproj", "{14D33CE2-BA70-44B7-8C7D-6070641AB62D}"
EndProject
Project("{9A19103F-16F7-4668-BE54-9A1E7A4F7556}") = "R5T.T0184", "..\..\R5T.T0184\source\R5T.T0184\R5T.T0184.csproj", "{9CA84C51-CAA9-4AA6-836B-11FEA305FBEB}"
EndProject
Project("{9A19103F-16F7-4668-BE54-9A1E7A4F7556}") = "R5T.T0185", "..\..\R5T.T0185\source\R5T.T0185\R5T.T0185.csproj", "{36DDC77B-5AA0-4600-9EC9-23A88DAFD209}"
EndProject
Project("{9A19103F-16F7-4668-BE54-9A1E7A4F7556}") = "R5T.T0186", "..\..\R5T.T0186\source\R5T.T0186\R5T.T0186.csproj", "{991B7C3B-A14A-4628-9D5C-23426E01395F}"
EndProject
Project("{9A19103F-16F7-4668-BE54-9A1E7A4F7556}") = "R5T.T0199", "..\..\R5T.T0199\source\R5T.T0199\R5T.T0199.csproj", "{6C113BD9-0D1F-4F14-94BB-A2EAED6A929C}"
EndProject
Project("{9A19103F-16F7-4668-BE54-9A1E7A4F7556}") = "R5T.T0203", "..\..\R5T.T0203\source\R5T.T0203\R5T.T0203.csproj", "{D123D996-BD8A-446B-BC07-E3F84F195D40}"
EndProject
Project("{9A19103F-16F7-4668-BE54-9A1E7A4F7556}") = "R5T.T0220", "..\..\R5T.T0220\source\R5T.T0220\R5T.T0220.csproj", "{C8B1ACAF-7CEE-4A37-BEFB-6333E650B68A}"
EndProject
Project("{9A19103F-16F7-4668-BE54-9A1E7A4F7556}") = "R5T.T0221", "..\..\R5T.T0221\source\R5T.T0221\R5T.T0221.csproj", "{C5A0061E-FE51-4688-87C6-B6499963A30D}"
EndProject
Project("{9A19103F-16F7-4668-BE54-9A1E7A4F7556}") = "R5T.T0222", "..\..\R5T.T0222\source\R5T.T0222\R5T.T0222.csproj", "{2541624F-CD64-4626-8D25-5632D26ECF8D}"
EndProject
Project("{9A19103F-16F7-4668-BE54-9A1E7A4F7556}") = "R5T.Y0000", "..\..\R5T.Y0000\source\R5T.Y0000\R5T.Y0000.csproj", "{B937ABB3-2350-4626-9771-49262C16B946}"
EndProject
Project("{9A19103F-16F7-4668-BE54-9A1E7A4F7556}") = "R5T.Z0000", "..\..\R5T.Z0000\source\R5T.Z0000\R5T.Z0000.csproj", "{3F135705-92A3-46CF-817F-0A7B4D96FEE3}"
EndProject
Project("{9A19103F-16F7-4668-BE54-9A1E7A4F7556}") = "R5T.Z0043", "..\..\R5T.Z0043\source\R5T.Z0043\R5T.Z0043.csproj", "{EC535A6C-98E0-4BD5-84FC-C18F9ACCCF9D}"
EndProject
Project("{9A19103F-16F7-4668-BE54-9A1E7A4F7556}") = "R5T.Z0059", "..\..\R5T.Z0059\source\R5T.Z0059\R5T.Z0059.csproj", "{688DBE1F-3191-4DFA-9A56-74ADC6820E43}"
EndProject
Project("{9A19103F-16F7-4668-BE54-9A1E7A4F7556}") = "R5T.T0141", "..\..\R5T.T0141\source\R5T.T0141\R5T.T0141.csproj", "{2BDE6C67-FAB8-40A3-810E-C3C87597DBC2}"
EndProject
Global
	GlobalSection(NestedProjects) = preSolution
		{69EB1047-1C69-4181-9569-651363FF18B1} = {E7D678DD-2A84-4DC7-B76C-C2D4B321A369}
		{9D95F4CF-4285-47BF-A306-10F5B076ABAB} = {E7D678DD-2A84-4DC7-B76C-C2D4B321A369}
		{3748AEF9-E040-48C8-8A41-E882F3EAA9A7} = {E7D678DD-2A84-4DC7-B76C-C2D4B321A369}
		{211D47E9-741E-4BB4-AD67-2A69F67612D3} = {E7D678DD-2A84-4DC7-B76C-C2D4B321A369}
		{BDC3BFE0-E93F-4761-B1A5-08C8B91D4F7A} = {E7D678DD-2A84-4DC7-B76C-C2D4B321A369}
		{54C5B3B7-C890-45D4-A6B8-D16ACBF18031} = {E7D678DD-2A84-4DC7-B76C-C2D4B321A369}
		{61E1975D-67EC-44F3-940F-B9237DC9F66F} = {E7D678DD-2A84-4DC7-B76C-C2D4B321A369}
		{CDADEB1B-3196-45A4-AA3E-4ABDBC353E03} = {E7D678DD-2A84-4DC7-B76C-C2D4B321A369}
		{6BD28A1B-6509-4FA4-8780-C6FAB0E236D9} = {E7D678DD-2A84-4DC7-B76C-C2D4B321A369}
		{44E64E73-182D-4D61-A069-4F7B83132942} = {E7D678DD-2A84-4DC7-B76C-C2D4B321A369}
		{4E527A32-88D6-48B3-B732-896E11C1C023} = {E7D678DD-2A84-4DC7-B76C-C2D4B321A369}
		{BF27CDFA-D695-4A37-BBD6-901EF52DAC2F} = {E7D678DD-2A84-4DC7-B76C-C2D4B321A369}
		{F22BDD43-37A1-4776-8591-D0863900AC0A} = {E7D678DD-2A84-4DC7-B76C-C2D4B321A369}
		{84AADE75-3FA9-487D-8C12-DC1D5555955B} = {E7D678DD-2A84-4DC7-B76C-C2D4B321A369}
		{CB42F10C-0660-420A-8731-7BD8C5D95F18} = {E7D678DD-2A84-4DC7-B76C-C2D4B321A369}
		{5AA28112-EF59-4304-A3B9-EF9AE5653E44} = {E7D678DD-2A84-4DC7-B76C-C2D4B321A369}
		{03FCAD81-08A3-4D34-88B3-1F162CDAECDF} = {E7D678DD-2A84-4DC7-B76C-C2D4B321A369}
		{8D5D4E4E-1777-4E98-A87F-5F2E2D1D42E6} = {E7D678DD-2A84-4DC7-B76C-C2D4B321A369}
		{0C691473-8383-4D0A-AFBC-95B784D33320} = {E7D678DD-2A84-4DC7-B76C-C2D4B321A369}
		{6A657DBC-D560-45E2-B7CB-98C0F2F7811C} = {E7D678DD-2A84-4DC7-B76C-C2D4B321A369}
		{0BB2E1C1-EC90-4AD0-A937-4A17E3729EBF} = {E7D678DD-2A84-4DC7-B76C-C2D4B321A369}
		{9308F86A-E080-4A87-9D49-B11BFDC2D0D7} = {E7D678DD-2A84-4DC7-B76C-C2D4B321A369}
		{14D33CE2-BA70-44B7-8C7D-6070641AB62D} = {E7D678DD-2A84-4DC7-B76C-C2D4B321A369}
		{9CA84C51-CAA9-4AA6-836B-11FEA305FBEB} = {E7D678DD-2A84-4DC7-B76C-C2D4B321A369}
		{36DDC77B-5AA0-4600-9EC9-23A88DAFD209} = {E7D678DD-2A84-4DC7-B76C-C2D4B321A369}
		{991B7C3B-A14A-4628-9D5C-23426E01395F} = {E7D678DD-2A84-4DC7-B76C-C2D4B321A369}
		{6C113BD9-0D1F-4F14-94BB-A2EAED6A929C} = {E7D678DD-2A84-4DC7-B76C-C2D4B321A369}
		{D123D996-BD8A-446B-BC07-E3F84F195D40} = {E7D678DD-2A84-4DC7-B76C-C2D4B321A369}
		{C8B1ACAF-7CEE-4A37-BEFB-6333E650B68A} = {E7D678DD-2A84-4DC7-B76C-C2D4B321A369}
		{C5A0061E-FE51-4688-87C6-B6499963A30D} = {E7D678DD-2A84-4DC7-B76C-C2D4B321A369}
		{2541624F-CD64-4626-8D25-5632D26ECF8D} = {E7D678DD-2A84-4DC7-B76C-C2D4B321A369}
		{B937ABB3-2350-4626-9771-49262C16B946} = {E7D678DD-2A84-4DC7-B76C-C2D4B321A369}
		{3F135705-92A3-46CF-817F-0A7B4D96FEE3} = {E7D678DD-2A84-4DC7-B76C-C2D4B321A369}
		{EC535A6C-98E0-4BD5-84FC-C18F9ACCCF9D} = {E7D678DD-2A84-4DC7-B76C-C2D4B321A369}
		{688DBE1F-3191-4DFA-9A56-74ADC6820E43} = {E7D678DD-2A84-4DC7-B76C-C2D4B321A369}
		{2BDE6C67-FAB8-40A3-810E-C3C87597DBC2} = {E7D678DD-2A84-4DC7-B76C-C2D4B321A369}
	EndGlobalSection
	GlobalSection(SolutionConfigurationPlatforms) = preSolution
		Debug|Any CPU = Debug|Any CPU
		Release|Any CPU = Release|Any CPU
	EndGlobalSection
	GlobalSection(ProjectConfigurationPlatforms) = postSolution
		{A42C686D-0942-4FEF-BB4B-07034151CA3C}.Debug|Any CPU.ActiveCfg = Debug|Any CPU
		{A42C686D-0942-4FEF-BB4B-07034151CA3C}.Debug|Any CPU.Build.0 = Debug|Any CPU
		{A42C686D-0942-4FEF-BB4B-07034151CA3C}.Release|Any CPU.ActiveCfg = Release|Any CPU
		{A42C686D-0942-4FEF-BB4B-07034151CA3C}.Release|Any CPU.Build.0 = Release|Any CPU
		{69EB1047-1C69-4181-9569-651363FF18B1}.Debug|Any CPU.ActiveCfg = Debug|Any CPU
		{69EB1047-1C69-4181-9569-651363FF18B1}.Debug|Any CPU.Build.0 = Debug|Any CPU
		{69EB1047-1C69-4181-9569-651363FF18B1}.Release|Any CPU.ActiveCfg = Release|Any CPU
		{69EB1047-1C69-4181-9569-651363FF18B1}.Release|Any CPU.Build.0 = Release|Any CPU
		{9D95F4CF-4285-47BF-A306-10F5B076ABAB}.Debug|Any CPU.ActiveCfg = Debug|Any CPU
		{9D95F4CF-4285-47BF-A306-10F5B076ABAB}.Debug|Any CPU.Build.0 = Debug|Any CPU
		{9D95F4CF-4285-47BF-A306-10F5B076ABAB}.Release|Any CPU.ActiveCfg = Release|Any CPU
		{9D95F4CF-4285-47BF-A306-10F5B076ABAB}.Release|Any CPU.Build.0 = Release|Any CPU
		{3748AEF9-E040-48C8-8A41-E882F3EAA9A7}.Debug|Any CPU.ActiveCfg = Debug|Any CPU
		{3748AEF9-E040-48C8-8A41-E882F3EAA9A7}.Debug|Any CPU.Build.0 = Debug|Any CPU
		{3748AEF9-E040-48C8-8A41-E882F3EAA9A7}.Release|Any CPU.ActiveCfg = Release|Any CPU
		{3748AEF9-E040-48C8-8A41-E882F3EAA9A7}.Release|Any CPU.Build.0 = Release|Any CPU
		{211D47E9-741E-4BB4-AD67-2A69F67612D3}.Debug|Any CPU.ActiveCfg = Debug|Any CPU
		{211D47E9-741E-4BB4-AD67-2A69F67612D3}.Debug|Any CPU.Build.0 = Debug|Any CPU
		{211D47E9-741E-4BB4-AD67-2A69F67612D3}.Release|Any CPU.ActiveCfg = Release|Any CPU
		{211D47E9-741E-4BB4-AD67-2A69F67612D3}.Release|Any CPU.Build.0 = Release|Any CPU
		{BDC3BFE0-E93F-4761-B1A5-08C8B91D4F7A}.Debug|Any CPU.ActiveCfg = Debug|Any CPU
		{BDC3BFE0-E93F-4761-B1A5-08C8B91D4F7A}.Debug|Any CPU.Build.0 = Debug|Any CPU
		{BDC3BFE0-E93F-4761-B1A5-08C8B91D4F7A}.Release|Any CPU.ActiveCfg = Release|Any CPU
		{BDC3BFE0-E93F-4761-B1A5-08C8B91D4F7A}.Release|Any CPU.Build.0 = Release|Any CPU
		{54C5B3B7-C890-45D4-A6B8-D16ACBF18031}.Debug|Any CPU.ActiveCfg = Debug|Any CPU
		{54C5B3B7-C890-45D4-A6B8-D16ACBF18031}.Debug|Any CPU.Build.0 = Debug|Any CPU
		{54C5B3B7-C890-45D4-A6B8-D16ACBF18031}.Release|Any CPU.ActiveCfg = Release|Any CPU
		{54C5B3B7-C890-45D4-A6B8-D16ACBF18031}.Release|Any CPU.Build.0 = Release|Any CPU
		{61E1975D-67EC-44F3-940F-B9237DC9F66F}.Debug|Any CPU.ActiveCfg = Debug|Any CPU
		{61E1975D-67EC-44F3-940F-B9237DC9F66F}.Debug|Any CPU.Build.0 = Debug|Any CPU
		{61E1975D-67EC-44F3-940F-B9237DC9F66F}.Release|Any CPU.ActiveCfg = Release|Any CPU
		{61E1975D-67EC-44F3-940F-B9237DC9F66F}.Release|Any CPU.Build.0 = Release|Any CPU
		{CDADEB1B-3196-45A4-AA3E-4ABDBC353E03}.Debug|Any CPU.ActiveCfg = Debug|Any CPU
		{CDADEB1B-3196-45A4-AA3E-4ABDBC353E03}.Debug|Any CPU.Build.0 = Debug|Any CPU
		{CDADEB1B-3196-45A4-AA3E-4ABDBC353E03}.Release|Any CPU.ActiveCfg = Release|Any CPU
		{CDADEB1B-3196-45A4-AA3E-4ABDBC353E03}.Release|Any CPU.Build.0 = Release|Any CPU
		{6BD28A1B-6509-4FA4-8780-C6FAB0E236D9}.Debug|Any CPU.ActiveCfg = Debug|Any CPU
		{6BD28A1B-6509-4FA4-8780-C6FAB0E236D9}.Debug|Any CPU.Build.0 = Debug|Any CPU
		{6BD28A1B-6509-4FA4-8780-C6FAB0E236D9}.Release|Any CPU.ActiveCfg = Release|Any CPU
		{6BD28A1B-6509-4FA4-8780-C6FAB0E236D9}.Release|Any CPU.Build.0 = Release|Any CPU
		{44E64E73-182D-4D61-A069-4F7B83132942}.Debug|Any CPU.ActiveCfg = Debug|Any CPU
		{44E64E73-182D-4D61-A069-4F7B83132942}.Debug|Any CPU.Build.0 = Debug|Any CPU
		{44E64E73-182D-4D61-A069-4F7B83132942}.Release|Any CPU.ActiveCfg = Release|Any CPU
		{44E64E73-182D-4D61-A069-4F7B83132942}.Release|Any CPU.Build.0 = Release|Any CPU
		{4E527A32-88D6-48B3-B732-896E11C1C023}.Debug|Any CPU.ActiveCfg = Debug|Any CPU
		{4E527A32-88D6-48B3-B732-896E11C1C023}.Debug|Any CPU.Build.0 = Debug|Any CPU
		{4E527A32-88D6-48B3-B732-896E11C1C023}.Release|Any CPU.ActiveCfg = Release|Any CPU
		{4E527A32-88D6-48B3-B732-896E11C1C023}.Release|Any CPU.Build.0 = Release|Any CPU
		{BF27CDFA-D695-4A37-BBD6-901EF52DAC2F}.Debug|Any CPU.ActiveCfg = Debug|Any CPU
		{BF27CDFA-D695-4A37-BBD6-901EF52DAC2F}.Debug|Any CPU.Build.0 = Debug|Any CPU
		{BF27CDFA-D695-4A37-BBD6-901EF52DAC2F}.Release|Any CPU.ActiveCfg = Release|Any CPU
		{BF27CDFA-D695-4A37-BBD6-901EF52DAC2F}.Release|Any CPU.Build.0 = Release|Any CPU
		{F22BDD43-37A1-4776-8591-D0863900AC0A}.Debug|Any CPU.ActiveCfg = Debug|Any CPU
		{F22BDD43-37A1-4776-8591-D0863900AC0A}.Debug|Any CPU.Build.0 = Debug|Any CPU
		{F22BDD43-37A1-4776-8591-D0863900AC0A}.Release|Any CPU.ActiveCfg = Release|Any CPU
		{F22BDD43-37A1-4776-8591-D0863900AC0A}.Release|Any CPU.Build.0 = Release|Any CPU
		{84AADE75-3FA9-487D-8C12-DC1D5555955B}.Debug|Any CPU.ActiveCfg = Debug|Any CPU
		{84AADE75-3FA9-487D-8C12-DC1D5555955B}.Debug|Any CPU.Build.0 = Debug|Any CPU
		{84AADE75-3FA9-487D-8C12-DC1D5555955B}.Release|Any CPU.ActiveCfg = Release|Any CPU
		{84AADE75-3FA9-487D-8C12-DC1D5555955B}.Release|Any CPU.Build.0 = Release|Any CPU
		{CB42F10C-0660-420A-8731-7BD8C5D95F18}.Debug|Any CPU.ActiveCfg = Debug|Any CPU
		{CB42F10C-0660-420A-8731-7BD8C5D95F18}.Debug|Any CPU.Build.0 = Debug|Any CPU
		{CB42F10C-0660-420A-8731-7BD8C5D95F18}.Release|Any CPU.ActiveCfg = Release|Any CPU
		{CB42F10C-0660-420A-8731-7BD8C5D95F18}.Release|Any CPU.Build.0 = Release|Any CPU
		{5AA28112-EF59-4304-A3B9-EF9AE5653E44}.Debug|Any CPU.ActiveCfg = Debug|Any CPU
		{5AA28112-EF59-4304-A3B9-EF9AE5653E44}.Debug|Any CPU.Build.0 = Debug|Any CPU
		{5AA28112-EF59-4304-A3B9-EF9AE5653E44}.Release|Any CPU.ActiveCfg = Release|Any CPU
		{5AA28112-EF59-4304-A3B9-EF9AE5653E44}.Release|Any CPU.Build.0 = Release|Any CPU
		{03FCAD81-08A3-4D34-88B3-1F162CDAECDF}.Debug|Any CPU.ActiveCfg = Debug|Any CPU
		{03FCAD81-08A3-4D34-88B3-1F162CDAECDF}.Debug|Any CPU.Build.0 = Debug|Any CPU
		{03FCAD81-08A3-4D34-88B3-1F162CDAECDF}.Release|Any CPU.ActiveCfg = Release|Any CPU
		{03FCAD81-08A3-4D34-88B3-1F162CDAECDF}.Release|Any CPU.Build.0 = Release|Any CPU
		{8D5D4E4E-1777-4E98-A87F-5F2E2D1D42E6}.Debug|Any CPU.ActiveCfg = Debug|Any CPU
		{8D5D4E4E-1777-4E98-A87F-5F2E2D1D42E6}.Debug|Any CPU.Build.0 = Debug|Any CPU
		{8D5D4E4E-1777-4E98-A87F-5F2E2D1D42E6}.Release|Any CPU.ActiveCfg = Release|Any CPU
		{8D5D4E4E-1777-4E98-A87F-5F2E2D1D42E6}.Release|Any CPU.Build.0 = Release|Any CPU
		{0C691473-8383-4D0A-AFBC-95B784D33320}.Debug|Any CPU.ActiveCfg = Debug|Any CPU
		{0C691473-8383-4D0A-AFBC-95B784D33320}.Debug|Any CPU.Build.0 = Debug|Any CPU
		{0C691473-8383-4D0A-AFBC-95B784D33320}.Release|Any CPU.ActiveCfg = Release|Any CPU
		{0C691473-8383-4D0A-AFBC-95B784D33320}.Release|Any CPU.Build.0 = Release|Any CPU
		{6A657DBC-D560-45E2-B7CB-98C0F2F7811C}.Debug|Any CPU.ActiveCfg = Debug|Any CPU
		{6A657DBC-D560-45E2-B7CB-98C0F2F7811C}.Debug|Any CPU.Build.0 = Debug|Any CPU
		{6A657DBC-D560-45E2-B7CB-98C0F2F7811C}.Release|Any CPU.ActiveCfg = Release|Any CPU
		{6A657DBC-D560-45E2-B7CB-98C0F2F7811C}.Release|Any CPU.Build.0 = Release|Any CPU
		{0BB2E1C1-EC90-4AD0-A937-4A17E3729EBF}.Debug|Any CPU.ActiveCfg = Debug|Any CPU
		{0BB2E1C1-EC90-4AD0-A937-4A17E3729EBF}.Debug|Any CPU.Build.0 = Debug|Any CPU
		{0BB2E1C1-EC90-4AD0-A937-4A17E3729EBF}.Release|Any CPU.ActiveCfg = Release|Any CPU
		{0BB2E1C1-EC90-4AD0-A937-4A17E3729EBF}.Release|Any CPU.Build.0 = Release|Any CPU
		{9308F86A-E080-4A87-9D49-B11BFDC2D0D7}.Debug|Any CPU.ActiveCfg = Debug|Any CPU
		{9308F86A-E080-4A87-9D49-B11BFDC2D0D7}.Debug|Any CPU.Build.0 = Debug|Any CPU
		{9308F86A-E080-4A87-9D49-B11BFDC2D0D7}.Release|Any CPU.ActiveCfg = Release|Any CPU
		{9308F86A-E080-4A87-9D49-B11BFDC2D0D7}.Release|Any CPU.Build.0 = Release|Any CPU
		{14D33CE2-BA70-44B7-8C7D-6070641AB62D}.Debug|Any CPU.ActiveCfg = Debug|Any CPU
		{14D33CE2-BA70-44B7-8C7D-6070641AB62D}.Debug|Any CPU.Build.0 = Debug|Any CPU
		{14D33CE2-BA70-44B7-8C7D-6070641AB62D}.Release|Any CPU.ActiveCfg = Release|Any CPU
		{14D33CE2-BA70-44B7-8C7D-6070641AB62D}.Release|Any CPU.Build.0 = Release|Any CPU
		{9CA84C51-CAA9-4AA6-836B-11FEA305FBEB}.Debug|Any CPU.ActiveCfg = Debug|Any CPU
		{9CA84C51-CAA9-4AA6-836B-11FEA305FBEB}.Debug|Any CPU.Build.0 = Debug|Any CPU
		{9CA84C51-CAA9-4AA6-836B-11FEA305FBEB}.Release|Any CPU.ActiveCfg = Release|Any CPU
		{9CA84C51-CAA9-4AA6-836B-11FEA305FBEB}.Release|Any CPU.Build.0 = Release|Any CPU
		{36DDC77B-5AA0-4600-9EC9-23A88DAFD209}.Debug|Any CPU.ActiveCfg = Debug|Any CPU
		{36DDC77B-5AA0-4600-9EC9-23A88DAFD209}.Debug|Any CPU.Build.0 = Debug|Any CPU
		{36DDC77B-5AA0-4600-9EC9-23A88DAFD209}.Release|Any CPU.ActiveCfg = Release|Any CPU
		{36DDC77B-5AA0-4600-9EC9-23A88DAFD209}.Release|Any CPU.Build.0 = Release|Any CPU
		{991B7C3B-A14A-4628-9D5C-23426E01395F}.Debug|Any CPU.ActiveCfg = Debug|Any CPU
		{991B7C3B-A14A-4628-9D5C-23426E01395F}.Debug|Any CPU.Build.0 = Debug|Any CPU
		{991B7C3B-A14A-4628-9D5C-23426E01395F}.Release|Any CPU.ActiveCfg = Release|Any CPU
		{991B7C3B-A14A-4628-9D5C-23426E01395F}.Release|Any CPU.Build.0 = Release|Any CPU
		{6C113BD9-0D1F-4F14-94BB-A2EAED6A929C}.Debug|Any CPU.ActiveCfg = Debug|Any CPU
		{6C113BD9-0D1F-4F14-94BB-A2EAED6A929C}.Debug|Any CPU.Build.0 = Debug|Any CPU
		{6C113BD9-0D1F-4F14-94BB-A2EAED6A929C}.Release|Any CPU.ActiveCfg = Release|Any CPU
		{6C113BD9-0D1F-4F14-94BB-A2EAED6A929C}.Release|Any CPU.Build.0 = Release|Any CPU
		{D123D996-BD8A-446B-BC07-E3F84F195D40}.Debug|Any CPU.ActiveCfg = Debug|Any CPU
		{D123D996-BD8A-446B-BC07-E3F84F195D40}.Debug|Any CPU.Build.0 = Debug|Any CPU
		{D123D996-BD8A-446B-BC07-E3F84F195D40}.Release|Any CPU.ActiveCfg = Release|Any CPU
		{D123D996-BD8A-446B-BC07-E3F84F195D40}.Release|Any CPU.Build.0 = Release|Any CPU
		{C8B1ACAF-7CEE-4A37-BEFB-6333E650B68A}.Debug|Any CPU.ActiveCfg = Debug|Any CPU
		{C8B1ACAF-7CEE-4A37-BEFB-6333E650B68A}.Debug|Any CPU.Build.0 = Debug|Any CPU
		{C8B1ACAF-7CEE-4A37-BEFB-6333E650B68A}.Release|Any CPU.ActiveCfg = Release|Any CPU
		{C8B1ACAF-7CEE-4A37-BEFB-6333E650B68A}.Release|Any CPU.Build.0 = Release|Any CPU
		{C5A0061E-FE51-4688-87C6-B6499963A30D}.Debug|Any CPU.ActiveCfg = Debug|Any CPU
		{C5A0061E-FE51-4688-87C6-B6499963A30D}.Debug|Any CPU.Build.0 = Debug|Any CPU
		{C5A0061E-FE51-4688-87C6-B6499963A30D}.Release|Any CPU.ActiveCfg = Release|Any CPU
		{C5A0061E-FE51-4688-87C6-B6499963A30D}.Release|Any CPU.Build.0 = Release|Any CPU
		{2541624F-CD64-4626-8D25-5632D26ECF8D}.Debug|Any CPU.ActiveCfg = Debug|Any CPU
		{2541624F-CD64-4626-8D25-5632D26ECF8D}.Debug|Any CPU.Build.0 = Debug|Any CPU
		{2541624F-CD64-4626-8D25-5632D26ECF8D}.Release|Any CPU.ActiveCfg = Release|Any CPU
		{2541624F-CD64-4626-8D25-5632D26ECF8D}.Release|Any CPU.Build.0 = Release|Any CPU
		{B937ABB3-2350-4626-9771-49262C16B946}.Debug|Any CPU.ActiveCfg = Debug|Any CPU
		{B937ABB3-2350-4626-9771-49262C16B946}.Debug|Any CPU.Build.0 = Debug|Any CPU
		{B937ABB3-2350-4626-9771-49262C16B946}.Release|Any CPU.ActiveCfg = Release|Any CPU
		{B937ABB3-2350-4626-9771-49262C16B946}.Release|Any CPU.Build.0 = Release|Any CPU
		{3F135705-92A3-46CF-817F-0A7B4D96FEE3}.Debug|Any CPU.ActiveCfg = Debug|Any CPU
		{3F135705-92A3-46CF-817F-0A7B4D96FEE3}.Debug|Any CPU.Build.0 = Debug|Any CPU
		{3F135705-92A3-46CF-817F-0A7B4D96FEE3}.Release|Any CPU.ActiveCfg = Release|Any CPU
		{3F135705-92A3-46CF-817F-0A7B4D96FEE3}.Release|Any CPU.Build.0 = Release|Any CPU
		{EC535A6C-98E0-4BD5-84FC-C18F9ACCCF9D}.Debug|Any CPU.ActiveCfg = Debug|Any CPU
		{EC535A6C-98E0-4BD5-84FC-C18F9ACCCF9D}.Debug|Any CPU.Build.0 = Debug|Any CPU
		{EC535A6C-98E0-4BD5-84FC-C18F9ACCCF9D}.Release|Any CPU.ActiveCfg = Release|Any CPU
		{EC535A6C-98E0-4BD5-84FC-C18F9ACCCF9D}.Release|Any CPU.Build.0 = Release|Any CPU
		{688DBE1F-3191-4DFA-9A56-74ADC6820E43}.Debug|Any CPU.ActiveCfg = Debug|Any CPU
		{688DBE1F-3191-4DFA-9A56-74ADC6820E43}.Debug|Any CPU.Build.0 = Debug|Any CPU
		{688DBE1F-3191-4DFA-9A56-74ADC6820E43}.Release|Any CPU.ActiveCfg = Release|Any CPU
		{688DBE1F-3191-4DFA-9A56-74ADC6820E43}.Release|Any CPU.Build.0 = Release|Any CPU
		{2BDE6C67-FAB8-40A3-810E-C3C87597DBC2}.Debug|Any CPU.ActiveCfg = Debug|Any CPU
		{2BDE6C67-FAB8-40A3-810E-C3C87597DBC2}.Debug|Any CPU.Build.0 = Debug|Any CPU
		{2BDE6C67-FAB8-40A3-810E-C3C87597DBC2}.Release|Any CPU.ActiveCfg = Release|Any CPU
		{2BDE6C67-FAB8-40A3-810E-C3C87597DBC2}.Release|Any CPU.Build.0 = Release|Any CPU
	EndGlobalSection
	GlobalSection(SolutionProperties) = preSolution
		HideSolutionNode = FALSE
	EndGlobalSection
	GlobalSection(ExtensibilityGlobals) = postSolution
		SolutionGuid = {033C2D4D-0385-4D51-ABB7-4DA085F4E26E}
	EndGlobalSection
EndGlobal
